toolman.org/numbers/stdsize v1.0.3 h1:+DH70xFBT6kioyPX8u6XE/2OoHCDswI7JrlAlkKXu6g=
toolman.org/numbers/stdsize v1.0.3/go.mod h1:40IL5Vh0BNApCGCRDajl3yxfCi4jynFltku7vdJMAzA=
toolman.org/time/timespan/v2 v2.1.2 h1:S8cUXBeD/DR3WC1hpWp/7K+uArOcKxvB750z4Xzw5Xw=
toolman.org/time/timespan/v2 v2.1.2/go.mod h1:PI1YqKCbnwhQPhazFF3MbsdM3ArMm7hYFPtJmbOD9JE=
